
Microsoft Visual Studio Solution File, Format Version 12.00
# Visual Studio Version 17
VisualStudioVersion = 17.7.34031.279
MinimumVisualStudioVersion = 10.0.40219.1
Project("{2150E333-8FDC-42A3-9474-1A3956D46DE8}") = "Frontends", "Frontends", "{67AD4546-A523-4F73-A949-D6A329EC8B76}"
EndProject
Project("{2150E333-8FDC-42A3-9474-1A3956D46DE8}") = "IdentityServer", "IdentityServer", "{EB022F54-B949-4B92-B77F-BD6B3881D926}"
EndProject
Project("{2150E333-8FDC-42A3-9474-1A3956D46DE8}") = "Requriments", "Requriments", "{C6DBFD6D-13F4-4088-8AA3-445273D10A66}"
EndProject
Project("{2150E333-8FDC-42A3-9474-1A3956D46DE8}") = "Services", "Services", "{88738002-C6F1-4A8F-A833-15F46C031652}"
EndProject
Project("{2150E333-8FDC-42A3-9474-1A3956D46DE8}") = "Catalog", "Catalog", "{28B2463A-DF42-4660-A866-253FCC555D52}"
EndProject
Project("{9A19103F-16F7-4668-BE54-9A1E7A4F7556}") = "TakeAwayNight.Catalog", "Services\Catalog\TakeAwayNight.Catalog\TakeAwayNight.Catalog.csproj", "{A23FFFA9-0738-4A12-A331-00CC1DD1C0AB}"
EndProject
Project("{2150E333-8FDC-42A3-9474-1A3956D46DE8}") = "Order", "Order", "{908B9F9A-8A0D-4F9E-8D7E-2D1D035B7D86}"
EndProject
Project("{2150E333-8FDC-42A3-9474-1A3956D46DE8}") = "Core", "Core", "{8A259B68-9A0E-4EB5-8D33-19B390510DEB}"
EndProject
Project("{2150E333-8FDC-42A3-9474-1A3956D46DE8}") = "Infrastructure", "Infrastructure", "{331084BA-89DF-4A1D-B175-13A9894CFF35}"
EndProject
Project("{2150E333-8FDC-42A3-9474-1A3956D46DE8}") = "Presentation", "Presentation", "{5A836FED-17B0-4DD0-841B-A26885B65CA4}"
EndProject
Project("{9A19103F-16F7-4668-BE54-9A1E7A4F7556}") = "TakeAwayNight.Application", "Services\Order\Core\TakeAwayNight.Application\TakeAwayNight.Application.csproj", "{FE750BB1-22C9-43D9-B248-008B7969AEAC}"
EndProject
Project("{9A19103F-16F7-4668-BE54-9A1E7A4F7556}") = "TakeAwayNight.Domain", "Services\Order\Core\TakeAwayNight.Domain\TakeAwayNight.Domain.csproj", "{EA116C86-5FD9-48EF-A020-48BE7478046D}"
EndProject
Project("{9A19103F-16F7-4668-BE54-9A1E7A4F7556}") = "TakeAwayNight.Persistence", "Services\Order\Infrastructure\TakeAwayNight.Persistence\TakeAwayNight.Persistence.csproj", "{330F1F91-C9AA-4ED0-8C31-DB09B9BE4BCE}"
EndProject
Project("{9A19103F-16F7-4668-BE54-9A1E7A4F7556}") = "TakeAwayNight.OrderApi", "Services\Order\Presentation\TakeAwayNight.OrderApi\TakeAwayNight.OrderApi.csproj", "{EFC96F34-064D-4A3A-B928-DC2057D8B584}"
EndProject
Project("{2150E333-8FDC-42A3-9474-1A3956D46DE8}") = "Discount", "Discount", "{C47260C4-DF69-411B-83E6-EC776CB8A02D}"
EndProject
Project("{9A19103F-16F7-4668-BE54-9A1E7A4F7556}") = "TakeAwayNight.Discount", "Services\Discount\TakeAwayNight.Discount\TakeAwayNight.Discount.csproj", "{B4B6F0B5-970E-4A4B-8A05-AC0A5839BD19}"
EndProject
Project("{9A19103F-16F7-4668-BE54-9A1E7A4F7556}") = "TakeAwayNight.IdentityServer", "IdentityServer\TakeAwayNight.IdentityServer\TakeAwayNight.IdentityServer.csproj", "{E1DBFE92-A630-4780-BEE7-F22B7D4B16F3}"
EndProject
Project("{2150E333-8FDC-42A3-9474-1A3956D46DE8}") = "Basket", "Basket", "{8C131836-2251-46D9-AAAD-0C4991440B16}"
EndProject
Project("{9A19103F-16F7-4668-BE54-9A1E7A4F7556}") = "TakeAwayNight.Basket", "Services\Basket\TakeAwayNight.Basket\TakeAwayNight.Basket.csproj", "{793454D8-BA5C-4DE5-A6F2-FB7BE38F9B9E}"
EndProject
Project("{2150E333-8FDC-42A3-9474-1A3956D46DE8}") = "Comment", "Comment", "{84134646-5E91-4806-98BA-D7AA30EFFD3F}"
EndProject
Project("{9A19103F-16F7-4668-BE54-9A1E7A4F7556}") = "TakeAwayNight.Comment", "Services\Comment\TakeAwayNight.Comment\TakeAwayNight.Comment.csproj", "{7421D315-98E2-46F9-8366-C0D4655833EA}"
EndProject
Project("{FAE04EC0-301F-11D3-BF4B-00C04F79EFBC}") = "TakeAwayNight.WebUI", "Frontends\TakeAwayNight.WebUI\TakeAwayNight.WebUI.csproj", "{D14FB724-3D33-4240-8EDB-1317A6688773}"
EndProject
Global
	GlobalSection(SolutionConfigurationPlatforms) = preSolution
		Debug|Any CPU = Debug|Any CPU
		Release|Any CPU = Release|Any CPU
	EndGlobalSection
	GlobalSection(ProjectConfigurationPlatforms) = postSolution
		{A23FFFA9-0738-4A12-A331-00CC1DD1C0AB}.Debug|Any CPU.ActiveCfg = Debug|Any CPU
		{A23FFFA9-0738-4A12-A331-00CC1DD1C0AB}.Debug|Any CPU.Build.0 = Debug|Any CPU
		{A23FFFA9-0738-4A12-A331-00CC1DD1C0AB}.Release|Any CPU.ActiveCfg = Release|Any CPU
		{A23FFFA9-0738-4A12-A331-00CC1DD1C0AB}.Release|Any CPU.Build.0 = Release|Any CPU
		{FE750BB1-22C9-43D9-B248-008B7969AEAC}.Debug|Any CPU.ActiveCfg = Debug|Any CPU
		{FE750BB1-22C9-43D9-B248-008B7969AEAC}.Debug|Any CPU.Build.0 = Debug|Any CPU
		{FE750BB1-22C9-43D9-B248-008B7969AEAC}.Release|Any CPU.ActiveCfg = Release|Any CPU
		{FE750BB1-22C9-43D9-B248-008B7969AEAC}.Release|Any CPU.Build.0 = Release|Any CPU
		{EA116C86-5FD9-48EF-A020-48BE7478046D}.Debug|Any CPU.ActiveCfg = Debug|Any CPU
		{EA116C86-5FD9-48EF-A020-48BE7478046D}.Debug|Any CPU.Build.0 = Debug|Any CPU
		{EA116C86-5FD9-48EF-A020-48BE7478046D}.Release|Any CPU.ActiveCfg = Release|Any CPU
		{EA116C86-5FD9-48EF-A020-48BE7478046D}.Release|Any CPU.Build.0 = Release|Any CPU
		{330F1F91-C9AA-4ED0-8C31-DB09B9BE4BCE}.Debug|Any CPU.ActiveCfg = Debug|Any CPU
		{330F1F91-C9AA-4ED0-8C31-DB09B9BE4BCE}.Debug|Any CPU.Build.0 = Debug|Any CPU
		{330F1F91-C9AA-4ED0-8C31-DB09B9BE4BCE}.Release|Any CPU.ActiveCfg = Release|Any CPU
		{330F1F91-C9AA-4ED0-8C31-DB09B9BE4BCE}.Release|Any CPU.Build.0 = Release|Any CPU
		{EFC96F34-064D-4A3A-B928-DC2057D8B584}.Debug|Any CPU.ActiveCfg = Debug|Any CPU
		{EFC96F34-064D-4A3A-B928-DC2057D8B584}.Debug|Any CPU.Build.0 = Debug|Any CPU
		{EFC96F34-064D-4A3A-B928-DC2057D8B584}.Release|Any CPU.ActiveCfg = Release|Any CPU
		{EFC96F34-064D-4A3A-B928-DC2057D8B584}.Release|Any CPU.Build.0 = Release|Any CPU
		{B4B6F0B5-970E-4A4B-8A05-AC0A5839BD19}.Debug|Any CPU.ActiveCfg = Debug|Any CPU
		{B4B6F0B5-970E-4A4B-8A05-AC0A5839BD19}.Debug|Any CPU.Build.0 = Debug|Any CPU
		{B4B6F0B5-970E-4A4B-8A05-AC0A5839BD19}.Release|Any CPU.ActiveCfg = Release|Any CPU
		{B4B6F0B5-970E-4A4B-8A05-AC0A5839BD19}.Release|Any CPU.Build.0 = Release|Any CPU
		{E1DBFE92-A630-4780-BEE7-F22B7D4B16F3}.Debug|Any CPU.ActiveCfg = Debug|Any CPU
		{E1DBFE92-A630-4780-BEE7-F22B7D4B16F3}.Debug|Any CPU.Build.0 = Debug|Any CPU
		{E1DBFE92-A630-4780-BEE7-F22B7D4B16F3}.Release|Any CPU.ActiveCfg = Release|Any CPU
		{E1DBFE92-A630-4780-BEE7-F22B7D4B16F3}.Release|Any CPU.Build.0 = Release|Any CPU
		{793454D8-BA5C-4DE5-A6F2-FB7BE38F9B9E}.Debug|Any CPU.ActiveCfg = Debug|Any CPU
		{793454D8-BA5C-4DE5-A6F2-FB7BE38F9B9E}.Debug|Any CPU.Build.0 = Debug|Any CPU
		{793454D8-BA5C-4DE5-A6F2-FB7BE38F9B9E}.Release|Any CPU.ActiveCfg = Release|Any CPU
		{793454D8-BA5C-4DE5-A6F2-FB7BE38F9B9E}.Release|Any CPU.Build.0 = Release|Any CPU
		{7421D315-98E2-46F9-8366-C0D4655833EA}.Debug|Any CPU.ActiveCfg = Debug|Any CPU
		{7421D315-98E2-46F9-8366-C0D4655833EA}.Debug|Any CPU.Build.0 = Debug|Any CPU
		{7421D315-98E2-46F9-8366-C0D4655833EA}.Release|Any CPU.ActiveCfg = Release|Any CPU
		{7421D315-98E2-46F9-8366-C0D4655833EA}.Release|Any CPU.Build.0 = Release|Any CPU
		{D14FB724-3D33-4240-8EDB-1317A6688773}.Debug|Any CPU.ActiveCfg = Debug|Any CPU
		{D14FB724-3D33-4240-8EDB-1317A6688773}.Debug|Any CPU.Build.0 = Debug|Any CPU
		{D14FB724-3D33-4240-8EDB-1317A6688773}.Release|Any CPU.ActiveCfg = Release|Any CPU
		{D14FB724-3D33-4240-8EDB-1317A6688773}.Release|Any CPU.Build.0 = Release|Any CPU
	EndGlobalSection
	GlobalSection(SolutionProperties) = preSolution
		HideSolutionNode = FALSE
	EndGlobalSection
	GlobalSection(NestedProjects) = preSolution
		{28B2463A-DF42-4660-A866-253FCC555D52} = {88738002-C6F1-4A8F-A833-15F46C031652}
		{A23FFFA9-0738-4A12-A331-00CC1DD1C0AB} = {28B2463A-DF42-4660-A866-253FCC555D52}
		{908B9F9A-8A0D-4F9E-8D7E-2D1D035B7D86} = {88738002-C6F1-4A8F-A833-15F46C031652}
		{8A259B68-9A0E-4EB5-8D33-19B390510DEB} = {908B9F9A-8A0D-4F9E-8D7E-2D1D035B7D86}
		{331084BA-89DF-4A1D-B175-13A9894CFF35} = {908B9F9A-8A0D-4F9E-8D7E-2D1D035B7D86}
		{5A836FED-17B0-4DD0-841B-A26885B65CA4} = {908B9F9A-8A0D-4F9E-8D7E-2D1D035B7D86}
		{FE750BB1-22C9-43D9-B248-008B7969AEAC} = {8A259B68-9A0E-4EB5-8D33-19B390510DEB}
		{EA116C86-5FD9-48EF-A020-48BE7478046D} = {8A259B68-9A0E-4EB5-8D33-19B390510DEB}
		{330F1F91-C9AA-4ED0-8C31-DB09B9BE4BCE} = {331084BA-89DF-4A1D-B175-13A9894CFF35}
		{EFC96F34-064D-4A3A-B928-DC2057D8B584} = {5A836FED-17B0-4DD0-841B-A26885B65CA4}
		{C47260C4-DF69-411B-83E6-EC776CB8A02D} = {88738002-C6F1-4A8F-A833-15F46C031652}
		{B4B6F0B5-970E-4A4B-8A05-AC0A5839BD19} = {C47260C4-DF69-411B-83E6-EC776CB8A02D}
		{E1DBFE92-A630-4780-BEE7-F22B7D4B16F3} = {EB022F54-B949-4B92-B77F-BD6B3881D926}
		{8C131836-2251-46D9-AAAD-0C4991440B16} = {88738002-C6F1-4A8F-A833-15F46C031652}
		{793454D8-BA5C-4DE5-A6F2-FB7BE38F9B9E} = {8C131836-2251-46D9-AAAD-0C4991440B16}
		{84134646-5E91-4806-98BA-D7AA30EFFD3F} = {88738002-C6F1-4A8F-A833-15F46C031652}
		{7421D315-98E2-46F9-8366-C0D4655833EA} = {84134646-5E91-4806-98BA-D7AA30EFFD3F}
		{D14FB724-3D33-4240-8EDB-1317A6688773} = {67AD4546-A523-4F73-A949-D6A329EC8B76}
	EndGlobalSection
	GlobalSection(ExtensibilityGlobals) = postSolution
		SolutionGuid = {03B58901-EA6F-4406-B0FF-5448797643EF}
	EndGlobalSection
EndGlobal
